// !$*UTF8*$!
{
	archiveVersion = 1;
	classes = {
	};
	objectVersion = 52;
	objects = {

/* Begin PBXBuildFile section */
		CEC48A44253F0BA10068DF24 /* AppDelegate.swift in Sources */ = {isa = PBXBuildFile; fileRef = CEC48A43253F0BA10068DF24 /* AppDelegate.swift */; };
		CEC48A46253F0BA10068DF24 /* ContentView.swift in Sources */ = {isa = PBXBuildFile; fileRef = CEC48A45253F0BA10068DF24 /* ContentView.swift */; };
		CEC48A48253F0BA10068DF24 /* Assets.xcassets in Resources */ = {isa = PBXBuildFile; fileRef = CEC48A47253F0BA10068DF24 /* Assets.xcassets */; };
		CEC48A4B253F0BA10068DF24 /* Preview Assets.xcassets in Resources */ = {isa = PBXBuildFile; fileRef = CEC48A4A253F0BA10068DF24 /* Preview Assets.xcassets */; };
		CEC48A4E253F0BA10068DF24 /* LaunchScreen.storyboard in Resources */ = {isa = PBXBuildFile; fileRef = CEC48A4C253F0BA10068DF24 /* LaunchScreen.storyboard */; };
		CEC48A5C253F0BF80068DF24 /* Game in Frameworks */ = {isa = PBXBuildFile; productRef = CEC48A5B253F0BF80068DF24 /* Game */; };
/* End PBXBuildFile section */

/* Begin PBXFileReference section */
		CEC48A40253F0BA10068DF24 /* TVBullsEye.app */ = {isa = PBXFileReference; explicitFileType = wrapper.application; includeInIndex = 0; path = TVBullsEye.app; sourceTree = BUILT_PRODUCTS_DIR; };
		CEC48A43253F0BA10068DF24 /* AppDelegate.swift */ = {isa = PBXFileReference; lastKnownFileType = sourcecode.swift; path = AppDelegate.swift; sourceTree = "<group>"; };
		CEC48A45253F0BA10068DF24 /* ContentView.swift */ = {isa = PBXFileReference; lastKnownFileType = sourcecode.swift; path = ContentView.swift; sourceTree = "<group>"; };
		CEC48A47253F0BA10068DF24 /* Assets.xcassets */ = {isa = PBXFileReference; lastKnownFileType = folder.assetcatalog; path = Assets.xcassets; sourceTree = "<group>"; };
		CEC48A4A253F0BA10068DF24 /* Preview Assets.xcassets */ = {isa = PBXFileReference; lastKnownFileType = folder.assetcatalog; path = "Preview Assets.xcassets"; sourceTree = "<group>"; };
		CEC48A4D253F0BA10068DF24 /* Base */ = {isa = PBXFileReference; lastKnownFileType = file.storyboard; name = Base; path = Base.lproj/LaunchScreen.storyboard; sourceTree = "<group>"; };
		CEC48A4F253F0BA10068DF24 /* Info.plist */ = {isa = PBXFileReference; lastKnownFileType = text.plist.xml; path = Info.plist; sourceTree = "<group>"; };
		CEC48A58253F0BE10068DF24 /* Game */ = {isa = PBXFileReference; lastKnownFileType = folder; name = Game; path = ../../packages/Game; sourceTree = "<group>"; };
/* End PBXFileReference section */

/* Begin PBXFrameworksBuildPhase section */
		CEC48A3D253F0BA10068DF24 /* Frameworks */ = {
			isa = PBXFrameworksBuildPhase;
			buildActionMask = 2147483647;
			files = (
				CEC48A5C253F0BF80068DF24 /* Game in Frameworks */,
			);
			runOnlyForDeploymentPostprocessing = 0;
		};
/* End PBXFrameworksBuildPhase section */

/* Begin PBXGroup section */
		CEC48A37253F0BA10068DF24 = {
			isa = PBXGroup;
			children = (
				CEC48A42253F0BA10068DF24 /* TVBullsEye */,
				CEC48A41253F0BA10068DF24 /* Products */,
				CEC48A5A253F0BF80068DF24 /* Frameworks */,
			);
			sourceTree = "<group>";
		};
		CEC48A41253F0BA10068DF24 /* Products */ = {
			isa = PBXGroup;
			children = (
				CEC48A40253F0BA10068DF24 /* TVBullsEye.app */,
			);
			name = Products;
			sourceTree = "<group>";
		};
		CEC48A42253F0BA10068DF24 /* TVBullsEye */ = {
			isa = PBXGroup;
			children = (
				CEC48A58253F0BE10068DF24 /* Game */,
				CEC48A43253F0BA10068DF24 /* AppDelegate.swift */,
				CEC48A45253F0BA10068DF24 /* ContentView.swift */,
				CEC48A47253F0BA10068DF24 /* Assets.xcassets */,
				CEC48A4C253F0BA10068DF24 /* LaunchScreen.storyboard */,
				CEC48A4F253F0BA10068DF24 /* Info.plist */,
				CEC48A49253F0BA10068DF24 /* Preview Content */,
			);
			path = TVBullsEye;
			sourceTree = "<group>";
		};
		CEC48A49253F0BA10068DF24 /* Preview Content */ = {
			isa = PBXGroup;
			children = (
				CEC48A4A253F0BA10068DF24 /* Preview Assets.xcassets */,
			);
			path = "Preview Content";
			sourceTree = "<group>";
		};
		CEC48A5A253F0BF80068DF24 /* Frameworks */ = {
			isa = PBXGroup;
			children = (
			);
			name = Frameworks;
			sourceTree = "<group>";
		};
/* End PBXGroup section */

/* Begin PBXNativeTarget section */
		CEC48A3F253F0BA10068DF24 /* TVBullsEye */ = {
			isa = PBXNativeTarget;
			buildConfigurationList = CEC48A52253F0BA10068DF24 /* Build configuration list for PBXNativeTarget "TVBullsEye" */;
			buildPhases = (
				CEC48A3C253F0BA10068DF24 /* Sources */,
				CEC48A3D253F0BA10068DF24 /* Frameworks */,
				CEC48A3E253F0BA10068DF24 /* Resources */,
			);
			buildRules = (
			);
			dependencies = (
			);
			name = TVBullsEye;
			packageProductDependencies = (
				CEC48A5B253F0BF80068DF24 /* Game */,
			);
			productName = TVBullsEye;
			productReference = CEC48A40253F0BA10068DF24 /* TVBullsEye.app */;
			productType = "com.apple.product-type.application";
		};
/* End PBXNativeTarget section */

/* Begin PBXProject section */
		CEC48A38253F0BA10068DF24 /* Project object */ = {
			isa = PBXProject;
			attributes = {
				LastSwiftUpdateCheck = 1200;
				LastUpgradeCheck = 1200;
				TargetAttributes = {
					CEC48A3F253F0BA10068DF24 = {
						CreatedOnToolsVersion = 12.0.1;
					};
				};
			};
			buildConfigurationList = CEC48A3B253F0BA10068DF24 /* Build configuration list for PBXProject "TVBullsEye" */;
			compatibilityVersion = "Xcode 9.3";
			developmentRegion = en;
			hasScannedForEncodings = 0;
			knownRegions = (
				en,
				Base,
			);
			mainGroup = CEC48A37253F0BA10068DF24;
			productRefGroup = CEC48A41253F0BA10068DF24 /* Products */;
			projectDirPath = "";
			projectRoot = "";
			targets = (
				CEC48A3F253F0BA10068DF24 /* TVBullsEye */,
			);
		};
/* End PBXProject section */

/* Begin PBXResourcesBuildPhase section */
		CEC48A3E253F0BA10068DF24 /* Resources */ = {
			isa = PBXResourcesBuildPhase;
			buildActionMask = 2147483647;
			files = (
				CEC48A4E253F0BA10068DF24 /* LaunchScreen.storyboard in Resources */,
				CEC48A4B253F0BA10068DF24 /* Preview Assets.xcassets in Resources */,
				CEC48A48253F0BA10068DF24 /* Assets.xcassets in Resources */,
			);
			runOnlyForDeploymentPostprocessing = 0;
		};
/* End PBXResourcesBuildPhase section */

/* Begin PBXSourcesBuildPhase section */
		CEC48A3C253F0BA10068DF24 /* Sources */ = {
			isa = PBXSourcesBuildPhase;
			buildActionMask = 2147483647;
			files = (
				CEC48A46253F0BA10068DF24 /* ContentView.swift in Sources */,
				CEC48A44253F0BA10068DF24 /* AppDelegate.swift in Sources */,
			);
			runOnlyForDeploymentPostprocessing = 0;
		};
/* End PBXSourcesBuildPhase section */

/* Begin PBXVariantGroup section */
		CEC48A4C253F0BA10068DF24 /* LaunchScreen.storyboard */ = {
			isa = PBXVariantGroup;
			children = (
				CEC48A4D253F0BA10068DF24 /* Base */,
			);
			name = LaunchScreen.storyboard;
			sourceTree = "<group>";
		};
/* End PBXVariantGroup section */

/* Begin XCBuildConfiguration section */
		CEC48A50253F0BA10068DF24 /* Debug */ = {
			isa = XCBuildConfiguration;
			buildSettings = {
				ALWAYS_SEARCH_USER_PATHS = NO;
				CLANG_ANALYZER_NONNULL = YES;
				CLANG_ANALYZER_NUMBER_OBJECT_CONVERSION = YES_AGGRESSIVE;
				CLANG_CXX_LANGUAGE_STANDARD = "gnu++14";
				CLANG_CXX_LIBRARY = "libc++";
				CLANG_ENABLE_MODULES = YES;
				CLANG_ENABLE_OBJC_ARC = YES;
				CLANG_ENABLE_OBJC_WEAK = YES;
				CLANG_WARN_BLOCK_CAPTURE_AUTORELEASING = YES;
				CLANG_WARN_BOOL_CONVERSION = YES;
				CLANG_WARN_COMMA = YES;
				CLANG_WARN_CONSTANT_CONVERSION = YES;
				CLANG_WARN_DEPRECATED_OBJC_IMPLEMENTATIONS = YES;
				CLANG_WARN_DIRECT_OBJC_ISA_USAGE = YES_ERROR;
				CLANG_WARN_DOCUMENTATION_COMMENTS = YES;
				CLANG_WARN_EMPTY_BODY = YES;
				CLANG_WARN_ENUM_CONVERSION = YES;
				CLANG_WARN_INFINITE_RECURSION = YES;
				CLANG_WARN_INT_CONVERSION = YES;
				CLANG_WARN_NON_LITERAL_NULL_CONVERSION = YES;
				CLANG_WARN_OBJC_IMPLICIT_RETAIN_SELF = YES;
				CLANG_WARN_OBJC_LITERAL_CONVERSION = YES;
				CLANG_WARN_OBJC_ROOT_CLASS = YES_ERROR;
				CLANG_WARN_QUOTED_INCLUDE_IN_FRAMEWORK_HEADER = YES;
				CLANG_WARN_RANGE_LOOP_ANALYSIS = YES;
				CLANG_WARN_STRICT_PROTOTYPES = YES;
				CLANG_WARN_SUSPICIOUS_MOVE = YES;
				CLANG_WARN_UNGUARDED_AVAILABILITY = YES_AGGRESSIVE;
				CLANG_WARN_UNREACHABLE_CODE = YES;
				CLANG_WARN__DUPLICATE_METHOD_MATCH = YES;
				COPY_PHASE_STRIP = NO;
				DEBUG_INFORMATION_FORMAT = dwarf;
				ENABLE_STRICT_OBJC_MSGSEND = YES;
				ENABLE_TESTABILITY = YES;
				GCC_C_LANGUAGE_STANDARD = gnu11;
				GCC_DYNAMIC_NO_PIC = NO;
				GCC_NO_COMMON_BLOCKS = YES;
				GCC_OPTIMIZATION_LEVEL = 0;
				GCC_PREPROCESSOR_DEFINITIONS = (
					"DEBUG=1",
					"$(inherited)",
				);
				GCC_WARN_64_TO_32_BIT_CONVERSION = YES;
				GCC_WARN_ABOUT_RETURN_TYPE = YES_ERROR;
				GCC_WARN_UNDECLARED_SELECTOR = YES;
				GCC_WARN_UNINITIALIZED_AUTOS = YES_AGGRESSIVE;
				GCC_WARN_UNUSED_FUNCTION = YES;
				GCC_WARN_UNUSED_VARIABLE = YES;
				MTL_ENABLE_DEBUG_INFO = INCLUDE_SOURCE;
				MTL_FAST_MATH = YES;
				ONLY_ACTIVE_ARCH = YES;
				SDKROOT = appletvos;
				SWIFT_ACTIVE_COMPILATION_CONDITIONS = DEBUG;
				SWIFT_OPTIMIZATION_LEVEL = "-Onone";
				TVOS_DEPLOYMENT_TARGET = 14.0;
			};
			name = Debug;
		};
		CEC48A51253F0BA10068DF24 /* Release */ = {
			isa = XCBuildConfiguration;
			buildSettings = {
				ALWAYS_SEARCH_USER_PATHS = NO;
				CLANG_ANALYZER_NONNULL = YES;
				CLANG_ANALYZER_NUMBER_OBJECT_CONVERSION = YES_AGGRESSIVE;
				CLANG_CXX_LANGUAGE_STANDARD = "gnu++14";
				CLANG_CXX_LIBRARY = "libc++";
				CLANG_ENABLE_MODULES = YES;
				CLANG_ENABLE_OBJC_ARC = YES;
				CLANG_ENABLE_OBJC_WEAK = YES;
				CLANG_WARN_BLOCK_CAPTURE_AUTORELEASING = YES;
				CLANG_WARN_BOOL_CONVERSION = YES;
				CLANG_WARN_COMMA = YES;
				CLANG_WARN_CONSTANT_CONVERSION = YES;
				CLANG_WARN_DEPRECATED_OBJC_IMPLEMENTATIONS = YES;
				CLANG_WARN_DIRECT_OBJC_ISA_USAGE = YES_ERROR;
				CLANG_WARN_DOCUMENTATION_COMMENTS = YES;
				CLANG_WARN_EMPTY_BODY = YES;
				CLANG_WARN_ENUM_CONVERSION = YES;
				CLANG_WARN_INFINITE_RECURSION = YES;
				CLANG_WARN_INT_CONVERSION = YES;
				CLANG_WARN_NON_LITERAL_NULL_CONVERSION = YES;
				CLANG_WARN_OBJC_IMPLICIT_RETAIN_SELF = YES;
				CLANG_WARN_OBJC_LITERAL_CONVERSION = YES;
				CLANG_WARN_OBJC_ROOT_CLASS = YES_ERROR;
				CLANG_WARN_QUOTED_INCLUDE_IN_FRAMEWORK_HEADER = YES;
				CLANG_WARN_RANGE_LOOP_ANALYSIS = YES;
				CLANG_WARN_STRICT_PROTOTYPES = YES;
				CLANG_WARN_SUSPICIOUS_MOVE = YES;
				CLANG_WARN_UNGUARDED_AVAILABILITY = YES_AGGRESSIVE;
				CLANG_WARN_UNREACHABLE_CODE = YES;
				CLANG_WARN__DUPLICATE_METHOD_MATCH = YES;
				COPY_PHASE_STRIP = NO;
				DEBUG_INFORMATION_FORMAT = "dwarf-with-dsym";
				ENABLE_NS_ASSERTIONS = NO;
				ENABLE_STRICT_OBJC_MSGSEND = YES;
				GCC_C_LANGUAGE_STANDARD = gnu11;
				GCC_NO_COMMON_BLOCKS = YES;
				GCC_WARN_64_TO_32_BIT_CONVERSION = YES;
				GCC_WARN_ABOUT_RETURN_TYPE = YES_ERROR;
				GCC_WARN_UNDECLARED_SELECTOR = YES;
				GCC_WARN_UNINITIALIZED_AUTOS = YES_AGGRESSIVE;
				GCC_WARN_UNUSED_FUNCTION = YES;
				GCC_WARN_UNUSED_VARIABLE = YES;
				MTL_ENABLE_DEBUG_INFO = NO;
				MTL_FAST_MATH = YES;
				SDKROOT = appletvos;
				SWIFT_COMPILATION_MODE = wholemodule;
				SWIFT_OPTIMIZATION_LEVEL = "-O";
				TVOS_DEPLOYMENT_TARGET = 14.0;
				VALIDATE_PRODUCT = YES;
			};
			name = Release;
		};
		CEC48A53253F0BA10068DF24 /* Debug */ = {
			isa = XCBuildConfiguration;
			buildSettings = {
				ASSETCATALOG_COMPILER_APPICON_NAME = "App Icon & Top Shelf Image";
				ASSETCATALOG_COMPILER_GLOBAL_ACCENT_COLOR_NAME = AccentColor;
				CODE_SIGN_STYLE = Automatic;
				DEVELOPMENT_ASSET_PATHS = "\"TVBullsEye/Preview Content\"";
				DEVELOPMENT_TEAM = 9Y5NYS23KM;
				ENABLE_PREVIEWS = YES;
				INFOPLIST_FILE = TVBullsEye/Info.plist;
				LD_RUNPATH_SEARCH_PATHS = (
					"$(inherited)",
					"@executable_path/Frameworks",
				);
				PRODUCT_BUNDLE_IDENTIFIER = com.taehyeongKim.TVBullsEye;
				PRODUCT_NAME = "$(TARGET_NAME)";
				SWIFT_VERSION = 5.0;
				TARGETED_DEVICE_FAMILY = 3;
			};
			name = Debug;
		};
		CEC48A54253F0BA10068DF24 /* Release */ = {
			isa = XCBuildConfiguration;
			buildSettings = {
				ASSETCATALOG_COMPILER_APPICON_NAME = "App Icon & Top Shelf Image";
				ASSETCATALOG_COMPILER_GLOBAL_ACCENT_COLOR_NAME = AccentColor;
				CODE_SIGN_STYLE = Automatic;
				DEVELOPMENT_ASSET_PATHS = "\"TVBullsEye/Preview Content\"";
				DEVELOPMENT_TEAM = 9Y5NYS23KM;
				ENABLE_PREVIEWS = YES;
				INFOPLIST_FILE = TVBullsEye/Info.plist;
				LD_RUNPATH_SEARCH_PATHS = (
					"$(inherited)",
					"@executable_path/Frameworks",
				);
				PRODUCT_BUNDLE_IDENTIFIER = com.taehyeongKim.TVBullsEye;
				PRODUCT_NAME = "$(TARGET_NAME)";
				SWIFT_VERSION = 5.0;
				TARGETED_DEVICE_FAMILY = 3;
			};
			name = Release;
		};
/* End XCBuildConfiguration section */

/* Begin XCConfigurationList section */
		CEC48A3B253F0BA10068DF24 /* Build configuration list for PBXProject "TVBullsEye" */ = {
			isa = XCConfigurationList;
			buildConfigurations = (
				CEC48A50253F0BA10068DF24 /* Debug */,
				CEC48A51253F0BA10068DF24 /* Release */,
			);
			defaultConfigurationIsVisible = 0;
			defaultConfigurationName = Release;
		};
		CEC48A52253F0BA10068DF24 /* Build configuration list for PBXNativeTarget "TVBullsEye" */ = {
			isa = XCConfigurationList;
			buildConfigurations = (
				CEC48A53253F0BA10068DF24 /* Debug */,
				CEC48A54253F0BA10068DF24 /* Release */,
			);
			defaultConfigurationIsVisible = 0;
			defaultConfigurationName = Release;
		};
/* End XCConfigurationList section */

/* Begin XCSwiftPackageProductDependency section */
		CEC48A5B253F0BF80068DF24 /* Game */ = {
			isa = XCSwiftPackageProductDependency;
			productName = Game;
		};
/* End XCSwiftPackageProductDependency section */
	};
	rootObject = CEC48A38253F0BA10068DF24 /* Project object */;
}
